{
  "object": {
    "pins": [
      {
        "package": "Fretboard",
        "repositoryURL": "https://github.com/itsmeichigo/Fretboard.git",
        "state": {
          "branch": null,
          "revision": "0112fc8e95401f81c44f798d5d4e4e8ce1cbdc8c",
          "version": "1.0.1"
        }
      }
    ]
  },
  "version": 1
}
