{
  "object": {
    "pins": [
      {
        "package": "Fretboard",
        "repositoryURL": "https://github.com/itsmeichigo/Fretboard.git",
        "state": {
          "branch": null,
          "revision": "8d1238dbe789413bb07d115533f3b9796883d852",
          "version": "1.0.1"
        }
      }
    ]
  },
  "version": 1
}
